
Microsoft Visual Studio Solution File, Format Version 12.00
# Visual Studio Version 16
VisualStudioVersion = 16.0.30804.86
MinimumVisualStudioVersion = 10.0.40219.1
Project("{9A19103F-16F7-4668-BE54-9A1E7A4F7556}") = "Comparable", "Comparable\Comparable.csproj", "{B4B1DFE1-A93E-4A46-8C03-07BCDBE6F256}"
EndProject
Project("{9A19103F-16F7-4668-BE54-9A1E7A4F7556}") = "Comparable.Fody", "Comparable.Fody\Comparable.Fody.csproj", "{FA833DF7-F267-43F5-BD94-3A100D286513}"
EndProject
Project("{9A19103F-16F7-4668-BE54-9A1E7A4F7556}") = "Comparable.Fody.Test", "Comparable.Fody.Test\Comparable.Fody.Test.csproj", "{5807F128-70F7-46B1-9970-CB24F25BE7FE}"
EndProject
Project("{9A19103F-16F7-4668-BE54-9A1E7A4F7556}") = "AssemblyToProcess", "AssemblyToProcess\AssemblyToProcess.csproj", "{944F00CB-3ABC-4D95-99C1-454121C7F73E}"
EndProject
Project("{9A19103F-16F7-4668-BE54-9A1E7A4F7556}") = "ILSample", "ILSample\ILSample.csproj", "{1C70F2AD-2C03-4A19-951F-6524129C03DE}"
EndProject
Project("{2150E333-8FDC-42A3-9474-1A3956D46DE8}") = "BadCaseAssembliesToProcess", "BadCaseAssembliesToProcess", "{FA202CDC-B76C-4D1C-91B9-D574C7D6920D}"
EndProject
Project("{9A19103F-16F7-4668-BE54-9A1E7A4F7556}") = "CompareByIsNotDefined", "CompareByIsNotDefined\CompareByIsNotDefined.csproj", "{04F54013-ADB1-4485-B4AB-73C86BC13F90}"
EndProject
Project("{9A19103F-16F7-4668-BE54-9A1E7A4F7556}") = "PropertyIsNotIComparable", "PropertyIsNotIComparable\PropertyIsNotIComparable.csproj", "{F7AA9422-5F67-4D34-9887-F197242F5BE3}"
EndProject
Project("{9A19103F-16F7-4668-BE54-9A1E7A4F7556}") = "MultipleCompareByWithEqualPriority", "MultipleCompareByWithEqualPriority\MultipleCompareByWithEqualPriority.csproj", "{51D31B99-55E4-4A9E-A3C8-A41840ABA0B6}"
EndProject
Project("{9A19103F-16F7-4668-BE54-9A1E7A4F7556}") = "CompareIsNotDefined", "CompareIsNotDefined\CompareIsNotDefined.csproj", "{DE2A57A3-BCA9-4933-90BA-9B0048DB1609}"
EndProject
Project("{9A19103F-16F7-4668-BE54-9A1E7A4F7556}") = "FieldIsNotIComparable", "FieldIsNotIComparable\FieldIsNotIComparable.csproj", "{B478C375-7C62-4626-A0C0-2F6090A6C92D}"
EndProject
Project("{9A19103F-16F7-4668-BE54-9A1E7A4F7556}") = "AssemblyNotToProcess", "AssemblyNotToProcess\AssemblyNotToProcess.csproj", "{E2D14D1D-F376-4F7F-8A99-78AC19F0FEA7}"
EndProject
Project("{FAE04EC0-301F-11D3-BF4B-00C04F79EFBC}") = "CompareToAlreadyExists", "CompareToAlreadyExists\CompareToAlreadyExists.csproj", "{4FE1B391-8C97-4064-808F-1763B4FE159B}"
EndProject
Project("{FAE04EC0-301F-11D3-BF4B-00C04F79EFBC}") = "CompareToByGenericAlreadyExists", "CompareToByGenericAlreadyExists\CompareToByGenericAlreadyExists.csproj", "{DD310134-529B-4D87-A97A-D51DFE8292D1}"
EndProject
Global
	GlobalSection(SolutionConfigurationPlatforms) = preSolution
		Debug|Any CPU = Debug|Any CPU
		Release|Any CPU = Release|Any CPU
	EndGlobalSection
	GlobalSection(ProjectConfigurationPlatforms) = postSolution
		{B4B1DFE1-A93E-4A46-8C03-07BCDBE6F256}.Debug|Any CPU.ActiveCfg = Debug|Any CPU
		{B4B1DFE1-A93E-4A46-8C03-07BCDBE6F256}.Debug|Any CPU.Build.0 = Debug|Any CPU
		{B4B1DFE1-A93E-4A46-8C03-07BCDBE6F256}.Release|Any CPU.ActiveCfg = Release|Any CPU
		{B4B1DFE1-A93E-4A46-8C03-07BCDBE6F256}.Release|Any CPU.Build.0 = Release|Any CPU
		{FA833DF7-F267-43F5-BD94-3A100D286513}.Debug|Any CPU.ActiveCfg = Debug|Any CPU
		{FA833DF7-F267-43F5-BD94-3A100D286513}.Debug|Any CPU.Build.0 = Debug|Any CPU
		{FA833DF7-F267-43F5-BD94-3A100D286513}.Release|Any CPU.ActiveCfg = Release|Any CPU
		{FA833DF7-F267-43F5-BD94-3A100D286513}.Release|Any CPU.Build.0 = Release|Any CPU
		{5807F128-70F7-46B1-9970-CB24F25BE7FE}.Debug|Any CPU.ActiveCfg = Debug|Any CPU
		{5807F128-70F7-46B1-9970-CB24F25BE7FE}.Debug|Any CPU.Build.0 = Debug|Any CPU
		{5807F128-70F7-46B1-9970-CB24F25BE7FE}.Release|Any CPU.ActiveCfg = Release|Any CPU
		{5807F128-70F7-46B1-9970-CB24F25BE7FE}.Release|Any CPU.Build.0 = Release|Any CPU
		{944F00CB-3ABC-4D95-99C1-454121C7F73E}.Debug|Any CPU.ActiveCfg = Debug|Any CPU
		{944F00CB-3ABC-4D95-99C1-454121C7F73E}.Debug|Any CPU.Build.0 = Debug|Any CPU
		{944F00CB-3ABC-4D95-99C1-454121C7F73E}.Release|Any CPU.ActiveCfg = Release|Any CPU
		{944F00CB-3ABC-4D95-99C1-454121C7F73E}.Release|Any CPU.Build.0 = Release|Any CPU
		{1C70F2AD-2C03-4A19-951F-6524129C03DE}.Debug|Any CPU.ActiveCfg = Debug|Any CPU
		{1C70F2AD-2C03-4A19-951F-6524129C03DE}.Debug|Any CPU.Build.0 = Debug|Any CPU
		{1C70F2AD-2C03-4A19-951F-6524129C03DE}.Release|Any CPU.ActiveCfg = Release|Any CPU
		{1C70F2AD-2C03-4A19-951F-6524129C03DE}.Release|Any CPU.Build.0 = Release|Any CPU
		{04F54013-ADB1-4485-B4AB-73C86BC13F90}.Debug|Any CPU.ActiveCfg = Debug|Any CPU
		{04F54013-ADB1-4485-B4AB-73C86BC13F90}.Debug|Any CPU.Build.0 = Debug|Any CPU
		{04F54013-ADB1-4485-B4AB-73C86BC13F90}.Release|Any CPU.ActiveCfg = Release|Any CPU
		{04F54013-ADB1-4485-B4AB-73C86BC13F90}.Release|Any CPU.Build.0 = Release|Any CPU
		{F7AA9422-5F67-4D34-9887-F197242F5BE3}.Debug|Any CPU.ActiveCfg = Debug|Any CPU
		{F7AA9422-5F67-4D34-9887-F197242F5BE3}.Debug|Any CPU.Build.0 = Debug|Any CPU
		{F7AA9422-5F67-4D34-9887-F197242F5BE3}.Release|Any CPU.ActiveCfg = Release|Any CPU
		{F7AA9422-5F67-4D34-9887-F197242F5BE3}.Release|Any CPU.Build.0 = Release|Any CPU
		{51D31B99-55E4-4A9E-A3C8-A41840ABA0B6}.Debug|Any CPU.ActiveCfg = Debug|Any CPU
		{51D31B99-55E4-4A9E-A3C8-A41840ABA0B6}.Debug|Any CPU.Build.0 = Debug|Any CPU
		{51D31B99-55E4-4A9E-A3C8-A41840ABA0B6}.Release|Any CPU.ActiveCfg = Release|Any CPU
		{51D31B99-55E4-4A9E-A3C8-A41840ABA0B6}.Release|Any CPU.Build.0 = Release|Any CPU
		{DE2A57A3-BCA9-4933-90BA-9B0048DB1609}.Debug|Any CPU.ActiveCfg = Debug|Any CPU
		{DE2A57A3-BCA9-4933-90BA-9B0048DB1609}.Debug|Any CPU.Build.0 = Debug|Any CPU
		{DE2A57A3-BCA9-4933-90BA-9B0048DB1609}.Release|Any CPU.ActiveCfg = Release|Any CPU
		{DE2A57A3-BCA9-4933-90BA-9B0048DB1609}.Release|Any CPU.Build.0 = Release|Any CPU
		{B478C375-7C62-4626-A0C0-2F6090A6C92D}.Debug|Any CPU.ActiveCfg = Debug|Any CPU
		{B478C375-7C62-4626-A0C0-2F6090A6C92D}.Debug|Any CPU.Build.0 = Debug|Any CPU
		{B478C375-7C62-4626-A0C0-2F6090A6C92D}.Release|Any CPU.ActiveCfg = Release|Any CPU
		{B478C375-7C62-4626-A0C0-2F6090A6C92D}.Release|Any CPU.Build.0 = Release|Any CPU
		{E2D14D1D-F376-4F7F-8A99-78AC19F0FEA7}.Debug|Any CPU.ActiveCfg = Debug|Any CPU
		{E2D14D1D-F376-4F7F-8A99-78AC19F0FEA7}.Debug|Any CPU.Build.0 = Debug|Any CPU
		{E2D14D1D-F376-4F7F-8A99-78AC19F0FEA7}.Release|Any CPU.ActiveCfg = Release|Any CPU
		{E2D14D1D-F376-4F7F-8A99-78AC19F0FEA7}.Release|Any CPU.Build.0 = Release|Any CPU
		{4FE1B391-8C97-4064-808F-1763B4FE159B}.Debug|Any CPU.ActiveCfg = Debug|Any CPU
		{4FE1B391-8C97-4064-808F-1763B4FE159B}.Debug|Any CPU.Build.0 = Debug|Any CPU
		{4FE1B391-8C97-4064-808F-1763B4FE159B}.Release|Any CPU.ActiveCfg = Release|Any CPU
		{4FE1B391-8C97-4064-808F-1763B4FE159B}.Release|Any CPU.Build.0 = Release|Any CPU
		{DD310134-529B-4D87-A97A-D51DFE8292D1}.Debug|Any CPU.ActiveCfg = Debug|Any CPU
		{DD310134-529B-4D87-A97A-D51DFE8292D1}.Debug|Any CPU.Build.0 = Debug|Any CPU
		{DD310134-529B-4D87-A97A-D51DFE8292D1}.Release|Any CPU.ActiveCfg = Release|Any CPU
		{DD310134-529B-4D87-A97A-D51DFE8292D1}.Release|Any CPU.Build.0 = Release|Any CPU
	EndGlobalSection
	GlobalSection(SolutionProperties) = preSolution
		HideSolutionNode = FALSE
	EndGlobalSection
	GlobalSection(NestedProjects) = preSolution
		{04F54013-ADB1-4485-B4AB-73C86BC13F90} = {FA202CDC-B76C-4D1C-91B9-D574C7D6920D}
		{F7AA9422-5F67-4D34-9887-F197242F5BE3} = {FA202CDC-B76C-4D1C-91B9-D574C7D6920D}
		{51D31B99-55E4-4A9E-A3C8-A41840ABA0B6} = {FA202CDC-B76C-4D1C-91B9-D574C7D6920D}
		{DE2A57A3-BCA9-4933-90BA-9B0048DB1609} = {FA202CDC-B76C-4D1C-91B9-D574C7D6920D}
		{B478C375-7C62-4626-A0C0-2F6090A6C92D} = {FA202CDC-B76C-4D1C-91B9-D574C7D6920D}
		{4FE1B391-8C97-4064-808F-1763B4FE159B} = {FA202CDC-B76C-4D1C-91B9-D574C7D6920D}
		{DD310134-529B-4D87-A97A-D51DFE8292D1} = {FA202CDC-B76C-4D1C-91B9-D574C7D6920D}
	EndGlobalSection
	GlobalSection(ExtensibilityGlobals) = postSolution
		SolutionGuid = {325C1088-B4A0-46FD-B6AC-48EADD8654B1}
	EndGlobalSection
EndGlobal
